
Microsoft Visual Studio Solution File, Format Version 12.00
# Visual Studio Version 16
VisualStudioVersion = 16.0.31424.327
MinimumVisualStudioVersion = 10.0.40219.1
Project("{9A19103F-16F7-4668-BE54-9A1E7A4F7556}") = "DimpsLib", "DimpsLib\DimpsLib.csproj", "{AFE1FCEB-E13E-42FF-9912-07D5A4DF90DC}"
EndProject
Project("{2150E333-8FDC-42A3-9474-1A3956D46DE8}") = "SonicTools", "SonicTools", "{AF698516-0558-4AEE-B039-B00DF28337C1}"
EndProject
Project("{FAE04EC0-301F-11D3-BF4B-00C04F79EFBC}") = "AMBExtract", "SonicTools\AMBExtract\AMBExtract.csproj", "{CEA4D8FE-2C5C-4E4B-89FC-DDBF8D6497CF}"
EndProject
Project("{FAE04EC0-301F-11D3-BF4B-00C04F79EFBC}") = "OBBExtract", "SonicTools\OBBExtract\OBBExtract.csproj", "{AD1B21D5-766D-4B52-B645-51439A0F72F1}"
EndProject
Global
	GlobalSection(SolutionConfigurationPlatforms) = preSolution
		Debug|Any CPU = Debug|Any CPU
		Debug|x86 = Debug|x86
		Release|Any CPU = Release|Any CPU
		Release|x86 = Release|x86
	EndGlobalSection
	GlobalSection(ProjectConfigurationPlatforms) = postSolution
		{AFE1FCEB-E13E-42FF-9912-07D5A4DF90DC}.Debug|Any CPU.ActiveCfg = Debug|Any CPU
		{AFE1FCEB-E13E-42FF-9912-07D5A4DF90DC}.Debug|Any CPU.Build.0 = Debug|Any CPU
		{AFE1FCEB-E13E-42FF-9912-07D5A4DF90DC}.Debug|x86.ActiveCfg = Debug|Any CPU
		{AFE1FCEB-E13E-42FF-9912-07D5A4DF90DC}.Debug|x86.Build.0 = Debug|Any CPU
		{AFE1FCEB-E13E-42FF-9912-07D5A4DF90DC}.Release|Any CPU.ActiveCfg = Release|Any CPU
		{AFE1FCEB-E13E-42FF-9912-07D5A4DF90DC}.Release|Any CPU.Build.0 = Release|Any CPU
		{AFE1FCEB-E13E-42FF-9912-07D5A4DF90DC}.Release|x86.ActiveCfg = Release|Any CPU
		{AFE1FCEB-E13E-42FF-9912-07D5A4DF90DC}.Release|x86.Build.0 = Release|Any CPU
		{CEA4D8FE-2C5C-4E4B-89FC-DDBF8D6497CF}.Debug|Any CPU.ActiveCfg = Debug|Any CPU
		{CEA4D8FE-2C5C-4E4B-89FC-DDBF8D6497CF}.Debug|Any CPU.Build.0 = Debug|Any CPU
		{CEA4D8FE-2C5C-4E4B-89FC-DDBF8D6497CF}.Debug|x86.ActiveCfg = Debug|Any CPU
		{CEA4D8FE-2C5C-4E4B-89FC-DDBF8D6497CF}.Debug|x86.Build.0 = Debug|Any CPU
		{CEA4D8FE-2C5C-4E4B-89FC-DDBF8D6497CF}.Release|Any CPU.ActiveCfg = Release|Any CPU
		{CEA4D8FE-2C5C-4E4B-89FC-DDBF8D6497CF}.Release|Any CPU.Build.0 = Release|Any CPU
		{CEA4D8FE-2C5C-4E4B-89FC-DDBF8D6497CF}.Release|x86.ActiveCfg = Release|Any CPU
		{CEA4D8FE-2C5C-4E4B-89FC-DDBF8D6497CF}.Release|x86.Build.0 = Release|Any CPU
		{AD1B21D5-766D-4B52-B645-51439A0F72F1}.Debug|Any CPU.ActiveCfg = Debug|Any CPU
		{AD1B21D5-766D-4B52-B645-51439A0F72F1}.Debug|Any CPU.Build.0 = Debug|Any CPU
		{AD1B21D5-766D-4B52-B645-51439A0F72F1}.Debug|x86.ActiveCfg = Debug|Any CPU
		{AD1B21D5-766D-4B52-B645-51439A0F72F1}.Debug|x86.Build.0 = Debug|Any CPU
		{AD1B21D5-766D-4B52-B645-51439A0F72F1}.Release|Any CPU.ActiveCfg = Release|Any CPU
		{AD1B21D5-766D-4B52-B645-51439A0F72F1}.Release|Any CPU.Build.0 = Release|Any CPU
		{AD1B21D5-766D-4B52-B645-51439A0F72F1}.Release|x86.ActiveCfg = Release|Any CPU
		{AD1B21D5-766D-4B52-B645-51439A0F72F1}.Release|x86.Build.0 = Release|Any CPU
	EndGlobalSection
	GlobalSection(SolutionProperties) = preSolution
		HideSolutionNode = FALSE
	EndGlobalSection
	GlobalSection(NestedProjects) = preSolution
		{CEA4D8FE-2C5C-4E4B-89FC-DDBF8D6497CF} = {AF698516-0558-4AEE-B039-B00DF28337C1}
		{AD1B21D5-766D-4B52-B645-51439A0F72F1} = {AF698516-0558-4AEE-B039-B00DF28337C1}
	EndGlobalSection
	GlobalSection(ExtensibilityGlobals) = postSolution
		SolutionGuid = {B26C8708-D4AD-4A3E-83F2-FB9FA1412244}
	EndGlobalSection
EndGlobal
